
Microsoft Visual Studio Solution File, Format Version 12.00
Project("{FAE04EC0-301F-11D3-BF4B-00C04F79EFBC}") = "MovementService", "MovementService\MovementService.csproj", "{591EF04E-8951-4205-81A6-EE85DCE889F0}"
EndProject
Project("{2150E333-8FDC-42A3-9474-1A3956D46DE8}") = "Solution Items", "Solution Items", "{E824E138-3965-4662-80F4-719EA1678925}"
	ProjectSection(SolutionItems) = preProject
		compose.yaml = compose.yaml
	EndProjectSection
EndProject
Project("{FAE04EC0-301F-11D3-BF4B-00C04F79EFBC}") = "MapService", "MapService\MapService.csproj", "{6146FD74-DF34-4226-8309-159675CEC95C}"
EndProject
Project("{FAE04EC0-301F-11D3-BF4B-00C04F79EFBC}") = "CentralService", "CentralService\CentralService.csproj", "{38476208-2034-478E-B873-E655FB1A8309}"
EndProject
Project("{FAE04EC0-301F-11D3-BF4B-00C04F79EFBC}") = "DynamicMapService", "DynamicMapService\DynamicMapService.csproj", "{24AC9902-A799-4AA6-9277-0F3B4615E649}"
EndProject
Project("{FAE04EC0-301F-11D3-BF4B-00C04F79EFBC}") = "GlobalUsings", "GlobalUsings\GlobalUsings.csproj", "{C5F2AEBC-2F68-44B1-816A-2C6D8AB75A89}"
EndProject
Global
	GlobalSection(SolutionConfigurationPlatforms) = preSolution
		Debug|Any CPU = Debug|Any CPU
		Release|Any CPU = Release|Any CPU
	EndGlobalSection
	GlobalSection(ProjectConfigurationPlatforms) = postSolution
		{591EF04E-8951-4205-81A6-EE85DCE889F0}.Debug|Any CPU.ActiveCfg = Debug|Any CPU
		{591EF04E-8951-4205-81A6-EE85DCE889F0}.Debug|Any CPU.Build.0 = Debug|Any CPU
		{591EF04E-8951-4205-81A6-EE85DCE889F0}.Release|Any CPU.ActiveCfg = Release|Any CPU
		{591EF04E-8951-4205-81A6-EE85DCE889F0}.Release|Any CPU.Build.0 = Release|Any CPU
		{6146FD74-DF34-4226-8309-159675CEC95C}.Debug|Any CPU.ActiveCfg = Debug|Any CPU
		{6146FD74-DF34-4226-8309-159675CEC95C}.Debug|Any CPU.Build.0 = Debug|Any CPU
		{6146FD74-DF34-4226-8309-159675CEC95C}.Release|Any CPU.ActiveCfg = Release|Any CPU
		{6146FD74-DF34-4226-8309-159675CEC95C}.Release|Any CPU.Build.0 = Release|Any CPU
		{38476208-2034-478E-B873-E655FB1A8309}.Debug|Any CPU.ActiveCfg = Debug|Any CPU
		{38476208-2034-478E-B873-E655FB1A8309}.Debug|Any CPU.Build.0 = Debug|Any CPU
		{38476208-2034-478E-B873-E655FB1A8309}.Release|Any CPU.ActiveCfg = Release|Any CPU
		{38476208-2034-478E-B873-E655FB1A8309}.Release|Any CPU.Build.0 = Release|Any CPU
		{24AC9902-A799-4AA6-9277-0F3B4615E649}.Debug|Any CPU.ActiveCfg = Debug|Any CPU
		{24AC9902-A799-4AA6-9277-0F3B4615E649}.Debug|Any CPU.Build.0 = Debug|Any CPU
		{24AC9902-A799-4AA6-9277-0F3B4615E649}.Release|Any CPU.ActiveCfg = Release|Any CPU
		{24AC9902-A799-4AA6-9277-0F3B4615E649}.Release|Any CPU.Build.0 = Release|Any CPU
		{C5F2AEBC-2F68-44B1-816A-2C6D8AB75A89}.Debug|Any CPU.ActiveCfg = Debug|Any CPU
		{C5F2AEBC-2F68-44B1-816A-2C6D8AB75A89}.Debug|Any CPU.Build.0 = Debug|Any CPU
		{C5F2AEBC-2F68-44B1-816A-2C6D8AB75A89}.Release|Any CPU.ActiveCfg = Release|Any CPU
		{C5F2AEBC-2F68-44B1-816A-2C6D8AB75A89}.Release|Any CPU.Build.0 = Release|Any CPU
	EndGlobalSection
EndGlobal
